
Microsoft Visual Studio Solution File, Format Version 12.00
# Visual Studio Version 17
VisualStudioVersion = 17.6.33829.357
MinimumVisualStudioVersion = 10.0.40219.1
Project("{9A19103F-16F7-4668-BE54-9A1E7A4F7556}") = "API_NetCore", "API_NetCore\API_NetCore.csproj", "{56F18BA3-C77C-40C3-83CA-078FF4C80DA0}"
EndProject
Global
	GlobalSection(SolutionConfigurationPlatforms) = preSolution
		Debug|Any CPU = Debug|Any CPU
		Release|Any CPU = Release|Any CPU
	EndGlobalSection
	GlobalSection(ProjectConfigurationPlatforms) = postSolution
		{56F18BA3-C77C-40C3-83CA-078FF4C80DA0}.Debug|Any CPU.ActiveCfg = Debug|Any CPU
		{56F18BA3-C77C-40C3-83CA-078FF4C80DA0}.Debug|Any CPU.Build.0 = Debug|Any CPU
		{56F18BA3-C77C-40C3-83CA-078FF4C80DA0}.Release|Any CPU.ActiveCfg = Release|Any CPU
		{56F18BA3-C77C-40C3-83CA-078FF4C80DA0}.Release|Any CPU.Build.0 = Release|Any CPU
	EndGlobalSection
	GlobalSection(SolutionProperties) = preSolution
		HideSolutionNode = FALSE
	EndGlobalSection
	GlobalSection(ExtensibilityGlobals) = postSolution
		SolutionGuid = {D672EA1B-CA08-4B97-854E-36B70A279529}
	EndGlobalSection
EndGlobal
